
Microsoft Visual Studio Solution File, Format Version 12.00
# Visual Studio Version 17
VisualStudioVersion = 17.8.34330.188
MinimumVisualStudioVersion = 10.0.40219.1
Project("{FAE04EC0-301F-11D3-BF4B-00C04F79EFBC}") = "Dz3", "Dz3.csproj", "{95C69F83-7CDD-43CA-A951-EF9D58BADDB1}"
EndProject
Project("{9A19103F-16F7-4668-BE54-9A1E7A4F7556}") = "DZ1", "..\DZ1\DZ1.csproj", "{AA0B2D87-E55F-46D7-9BC2-12279C3AE20B}"
EndProject
Project("{9A19103F-16F7-4668-BE54-9A1E7A4F7556}") = "Dz2", "..\Lessons3\Dz2.csproj", "{2CBBC499-DA47-4E79-9B33-709A939F252A}"
EndProject
Global
	GlobalSection(SolutionConfigurationPlatforms) = preSolution
		Debug|Any CPU = Debug|Any CPU
		Release|Any CPU = Release|Any CPU
	EndGlobalSection
	GlobalSection(ProjectConfigurationPlatforms) = postSolution
		{95C69F83-7CDD-43CA-A951-EF9D58BADDB1}.Debug|Any CPU.ActiveCfg = Debug|Any CPU
		{95C69F83-7CDD-43CA-A951-EF9D58BADDB1}.Debug|Any CPU.Build.0 = Debug|Any CPU
		{95C69F83-7CDD-43CA-A951-EF9D58BADDB1}.Release|Any CPU.ActiveCfg = Release|Any CPU
		{95C69F83-7CDD-43CA-A951-EF9D58BADDB1}.Release|Any CPU.Build.0 = Release|Any CPU
		{AA0B2D87-E55F-46D7-9BC2-12279C3AE20B}.Debug|Any CPU.ActiveCfg = Debug|Any CPU
		{AA0B2D87-E55F-46D7-9BC2-12279C3AE20B}.Debug|Any CPU.Build.0 = Debug|Any CPU
		{AA0B2D87-E55F-46D7-9BC2-12279C3AE20B}.Release|Any CPU.ActiveCfg = Release|Any CPU
		{AA0B2D87-E55F-46D7-9BC2-12279C3AE20B}.Release|Any CPU.Build.0 = Release|Any CPU
		{2CBBC499-DA47-4E79-9B33-709A939F252A}.Debug|Any CPU.ActiveCfg = Debug|Any CPU
		{2CBBC499-DA47-4E79-9B33-709A939F252A}.Debug|Any CPU.Build.0 = Debug|Any CPU
		{2CBBC499-DA47-4E79-9B33-709A939F252A}.Release|Any CPU.ActiveCfg = Release|Any CPU
		{2CBBC499-DA47-4E79-9B33-709A939F252A}.Release|Any CPU.Build.0 = Release|Any CPU
	EndGlobalSection
	GlobalSection(SolutionProperties) = preSolution
		HideSolutionNode = FALSE
	EndGlobalSection
	GlobalSection(ExtensibilityGlobals) = postSolution
		SolutionGuid = {EDA177AE-5E10-4CD3-9E67-724A837C4B6F}
	EndGlobalSection
EndGlobal
